// !$*UTF8*$!
{
	archiveVersion = 1;
	classes = {
	};
	objectVersion = 55;
	objects = {

/* Begin PBXBuildFile section */
		92D2764ADDA25013629FD27E /* Pods_DuoCarte_DuoCarteUITests.framework in Frameworks */ = {isa = PBXBuildFile; fileRef = C7964F8681ABFFC6331E939E /* Pods_DuoCarte_DuoCarteUITests.framework */; };
		C004FD5328F01DF900B43A51 /* TypeController.swift in Sources */ = {isa = PBXBuildFile; fileRef = C004FD5228F01DF900B43A51 /* TypeController.swift */; };
		C004FD5528F01E3600B43A51 /* ListeTypeController.swift in Sources */ = {isa = PBXBuildFile; fileRef = C004FD5428F01E3600B43A51 /* ListeTypeController.swift */; };
		C004FD5728F01E7100B43A51 /* CarteDesciptionTypeController.swift in Sources */ = {isa = PBXBuildFile; fileRef = C004FD5628F01E7100B43A51 /* CarteDesciptionTypeController.swift */; };
		C004FD5928F079C600B43A51 /* LaunchScreen.storyboard in Resources */ = {isa = PBXBuildFile; fileRef = C004FD5828F079C600B43A51 /* LaunchScreen.storyboard */; };
		C07DCB7928E6CB74002190F5 /* AppDelegate.swift in Sources */ = {isa = PBXBuildFile; fileRef = C07DCB7828E6CB74002190F5 /* AppDelegate.swift */; };
		C07DCB7B28E6CB74002190F5 /* SceneDelegate.swift in Sources */ = {isa = PBXBuildFile; fileRef = C07DCB7A28E6CB74002190F5 /* SceneDelegate.swift */; };
		C07DCB7D28E6CB74002190F5 /* ViewController.swift in Sources */ = {isa = PBXBuildFile; fileRef = C07DCB7C28E6CB74002190F5 /* ViewController.swift */; };
		C07DCB8028E6CB74002190F5 /* Main.storyboard in Resources */ = {isa = PBXBuildFile; fileRef = C07DCB7E28E6CB74002190F5 /* Main.storyboard */; };
		C07DCB8228E6CB75002190F5 /* Assets.xcassets in Resources */ = {isa = PBXBuildFile; fileRef = C07DCB8128E6CB75002190F5 /* Assets.xcassets */; };
		C07DCB8528E6CB75002190F5 /* LaunchScreen.storyboard in Resources */ = {isa = PBXBuildFile; fileRef = C07DCB8328E6CB75002190F5 /* LaunchScreen.storyboard */; };
		C07DCB9028E6CB75002190F5 /* DuoCarteTests.swift in Sources */ = {isa = PBXBuildFile; fileRef = C07DCB8F28E6CB75002190F5 /* DuoCarteTests.swift */; };
		C07DCB9A28E6CB75002190F5 /* DuoCarteUITests.swift in Sources */ = {isa = PBXBuildFile; fileRef = C07DCB9928E6CB75002190F5 /* DuoCarteUITests.swift */; };
		C07DCB9C28E6CB75002190F5 /* DuoCarteUITestsLaunchTests.swift in Sources */ = {isa = PBXBuildFile; fileRef = C07DCB9B28E6CB75002190F5 /* DuoCarteUITestsLaunchTests.swift */; };
		C07DCBAA28E6E472002190F5 /* HearthstoneApi.swift in Sources */ = {isa = PBXBuildFile; fileRef = C07DCBA928E6E472002190F5 /* HearthstoneApi.swift */; };
		C07DCBAC28E720CF002190F5 /* Carte.swift in Sources */ = {isa = PBXBuildFile; fileRef = C07DCBAB28E720CF002190F5 /* Carte.swift */; };
		C07DCBAF28E7249D002190F5 /* RNGController.swift in Sources */ = {isa = PBXBuildFile; fileRef = C07DCBAE28E7249D002190F5 /* RNGController.swift */; };
		C093FB5C28E8147700BEDE20 /* ListeController.swift in Sources */ = {isa = PBXBuildFile; fileRef = C093FB5B28E8147700BEDE20 /* ListeController.swift */; };
		C093FB5E28E81B8800BEDE20 /* CarteDesciptionController.swift in Sources */ = {isa = PBXBuildFile; fileRef = C093FB5D28E81B8800BEDE20 /* CarteDesciptionController.swift */; };
		C0F71E5628EEB33D0099B928 /* ListeClassController.swift in Sources */ = {isa = PBXBuildFile; fileRef = C0F71E5528EEB33D0099B928 /* ListeClassController.swift */; };
		C0F71E5828EEB3B00099B928 /* CarteDesciptionClassController.swift in Sources */ = {isa = PBXBuildFile; fileRef = C0F71E5728EEB3B00099B928 /* CarteDesciptionClassController.swift */; };
		C0F71E5A28EEC2B40099B928 /* ClassController.swift in Sources */ = {isa = PBXBuildFile; fileRef = C0F71E5928EEC2B40099B928 /* ClassController.swift */; };
		DF01A7326898EDB628243B92 /* Pods_DuoCarteTests.framework in Frameworks */ = {isa = PBXBuildFile; fileRef = 3D207C9537BBB427040A2252 /* Pods_DuoCarteTests.framework */; };
		F6054CD16DD5B138837C75E8 /* Pods_DuoCarte.framework in Frameworks */ = {isa = PBXBuildFile; fileRef = 73B30C3509C9D485218F2C71 /* Pods_DuoCarte.framework */; };
/* End PBXBuildFile section */

/* Begin PBXContainerItemProxy section */
		C07DCB8C28E6CB75002190F5 /* PBXContainerItemProxy */ = {
			isa = PBXContainerItemProxy;
			containerPortal = C07DCB6D28E6CB74002190F5 /* Project object */;
			proxyType = 1;
			remoteGlobalIDString = C07DCB7428E6CB74002190F5;
			remoteInfo = DuoCarte;
		};
		C07DCB9628E6CB75002190F5 /* PBXContainerItemProxy */ = {
			isa = PBXContainerItemProxy;
			containerPortal = C07DCB6D28E6CB74002190F5 /* Project object */;
			proxyType = 1;
			remoteGlobalIDString = C07DCB7428E6CB74002190F5;
			remoteInfo = DuoCarte;
		};
/* End PBXContainerItemProxy section */

/* Begin PBXFileReference section */
		06B78543154E697F8EB8989A /* Pods-DuoCarteTests.release.xcconfig */ = {isa = PBXFileReference; includeInIndex = 1; lastKnownFileType = text.xcconfig; name = "Pods-DuoCarteTests.release.xcconfig"; path = "Target Support Files/Pods-DuoCarteTests/Pods-DuoCarteTests.release.xcconfig"; sourceTree = "<group>"; };
		1140D467D1618BC8E566F011 /* Pods-DuoCarte.release.xcconfig */ = {isa = PBXFileReference; includeInIndex = 1; lastKnownFileType = text.xcconfig; name = "Pods-DuoCarte.release.xcconfig"; path = "Target Support Files/Pods-DuoCarte/Pods-DuoCarte.release.xcconfig"; sourceTree = "<group>"; };
		225C424E6EC4626CC6ADCF57 /* Pods-DuoCarte.debug.xcconfig */ = {isa = PBXFileReference; includeInIndex = 1; lastKnownFileType = text.xcconfig; name = "Pods-DuoCarte.debug.xcconfig"; path = "Target Support Files/Pods-DuoCarte/Pods-DuoCarte.debug.xcconfig"; sourceTree = "<group>"; };
		3D207C9537BBB427040A2252 /* Pods_DuoCarteTests.framework */ = {isa = PBXFileReference; explicitFileType = wrapper.framework; includeInIndex = 0; path = Pods_DuoCarteTests.framework; sourceTree = BUILT_PRODUCTS_DIR; };
		6DA4ABB9AF0D4B0B455B2388 /* Pods-DuoCarteTests.debug.xcconfig */ = {isa = PBXFileReference; includeInIndex = 1; lastKnownFileType = text.xcconfig; name = "Pods-DuoCarteTests.debug.xcconfig"; path = "Target Support Files/Pods-DuoCarteTests/Pods-DuoCarteTests.debug.xcconfig"; sourceTree = "<group>"; };
		73B30C3509C9D485218F2C71 /* Pods_DuoCarte.framework */ = {isa = PBXFileReference; explicitFileType = wrapper.framework; includeInIndex = 0; path = Pods_DuoCarte.framework; sourceTree = BUILT_PRODUCTS_DIR; };
		7B6308637BEAE48CA77CC8B4 /* Pods-DuoCarte-DuoCarteUITests.debug.xcconfig */ = {isa = PBXFileReference; includeInIndex = 1; lastKnownFileType = text.xcconfig; name = "Pods-DuoCarte-DuoCarteUITests.debug.xcconfig"; path = "Target Support Files/Pods-DuoCarte-DuoCarteUITests/Pods-DuoCarte-DuoCarteUITests.debug.xcconfig"; sourceTree = "<group>"; };
		B1970B995A65D2F8216AC9A1 /* Pods-DuoCarte-DuoCarteUITests.release.xcconfig */ = {isa = PBXFileReference; includeInIndex = 1; lastKnownFileType = text.xcconfig; name = "Pods-DuoCarte-DuoCarteUITests.release.xcconfig"; path = "Target Support Files/Pods-DuoCarte-DuoCarteUITests/Pods-DuoCarte-DuoCarteUITests.release.xcconfig"; sourceTree = "<group>"; };
		C004FD5228F01DF900B43A51 /* TypeController.swift */ = {isa = PBXFileReference; lastKnownFileType = sourcecode.swift; path = TypeController.swift; sourceTree = "<group>"; };
		C004FD5428F01E3600B43A51 /* ListeTypeController.swift */ = {isa = PBXFileReference; lastKnownFileType = sourcecode.swift; path = ListeTypeController.swift; sourceTree = "<group>"; };
		C004FD5628F01E7100B43A51 /* CarteDesciptionTypeController.swift */ = {isa = PBXFileReference; lastKnownFileType = sourcecode.swift; path = CarteDesciptionTypeController.swift; sourceTree = "<group>"; };
		C004FD5828F079C600B43A51 /* LaunchScreen.storyboard */ = {isa = PBXFileReference; lastKnownFileType = file.storyboard; path = LaunchScreen.storyboard; sourceTree = "<group>"; };
		C07DCB7528E6CB74002190F5 /* DuoCarte.app */ = {isa = PBXFileReference; explicitFileType = wrapper.application; includeInIndex = 0; path = DuoCarte.app; sourceTree = BUILT_PRODUCTS_DIR; };
		C07DCB7828E6CB74002190F5 /* AppDelegate.swift */ = {isa = PBXFileReference; lastKnownFileType = sourcecode.swift; path = AppDelegate.swift; sourceTree = "<group>"; };
		C07DCB7A28E6CB74002190F5 /* SceneDelegate.swift */ = {isa = PBXFileReference; lastKnownFileType = sourcecode.swift; path = SceneDelegate.swift; sourceTree = "<group>"; };
		C07DCB7C28E6CB74002190F5 /* ViewController.swift */ = {isa = PBXFileReference; lastKnownFileType = sourcecode.swift; path = ViewController.swift; sourceTree = "<group>"; };
		C07DCB7F28E6CB74002190F5 /* Base */ = {isa = PBXFileReference; lastKnownFileType = file.storyboard; name = Base; path = Base.lproj/Main.storyboard; sourceTree = "<group>"; };
		C07DCB8128E6CB75002190F5 /* Assets.xcassets */ = {isa = PBXFileReference; lastKnownFileType = folder.assetcatalog; path = Assets.xcassets; sourceTree = "<group>"; };
		C07DCB8428E6CB75002190F5 /* Base */ = {isa = PBXFileReference; lastKnownFileType = file.storyboard; name = Base; path = Base.lproj/LaunchScreen.storyboard; sourceTree = "<group>"; };
		C07DCB8628E6CB75002190F5 /* Info.plist */ = {isa = PBXFileReference; lastKnownFileType = text.plist.xml; path = Info.plist; sourceTree = "<group>"; };
		C07DCB8B28E6CB75002190F5 /* DuoCarteTests.xctest */ = {isa = PBXFileReference; explicitFileType = wrapper.cfbundle; includeInIndex = 0; path = DuoCarteTests.xctest; sourceTree = BUILT_PRODUCTS_DIR; };
		C07DCB8F28E6CB75002190F5 /* DuoCarteTests.swift */ = {isa = PBXFileReference; lastKnownFileType = sourcecode.swift; path = DuoCarteTests.swift; sourceTree = "<group>"; };
		C07DCB9528E6CB75002190F5 /* DuoCarteUITests.xctest */ = {isa = PBXFileReference; explicitFileType = wrapper.cfbundle; includeInIndex = 0; path = DuoCarteUITests.xctest; sourceTree = BUILT_PRODUCTS_DIR; };
		C07DCB9928E6CB75002190F5 /* DuoCarteUITests.swift */ = {isa = PBXFileReference; lastKnownFileType = sourcecode.swift; path = DuoCarteUITests.swift; sourceTree = "<group>"; };
		C07DCB9B28E6CB75002190F5 /* DuoCarteUITestsLaunchTests.swift */ = {isa = PBXFileReference; lastKnownFileType = sourcecode.swift; path = DuoCarteUITestsLaunchTests.swift; sourceTree = "<group>"; };
		C07DCBA928E6E472002190F5 /* HearthstoneApi.swift */ = {isa = PBXFileReference; lastKnownFileType = sourcecode.swift; path = HearthstoneApi.swift; sourceTree = "<group>"; };
		C07DCBAB28E720CF002190F5 /* Carte.swift */ = {isa = PBXFileReference; lastKnownFileType = sourcecode.swift; name = Carte.swift; path = /Users/blaess2u/Desktop/Projet/DuoCarte/DuoCarte/Carte.swift; sourceTree = "<absolute>"; };
		C07DCBAE28E7249D002190F5 /* RNGController.swift */ = {isa = PBXFileReference; lastKnownFileType = sourcecode.swift; path = RNGController.swift; sourceTree = "<group>"; };
		C093FB5B28E8147700BEDE20 /* ListeController.swift */ = {isa = PBXFileReference; lastKnownFileType = sourcecode.swift; path = ListeController.swift; sourceTree = "<group>"; };
		C093FB5D28E81B8800BEDE20 /* CarteDesciptionController.swift */ = {isa = PBXFileReference; lastKnownFileType = sourcecode.swift; path = CarteDesciptionController.swift; sourceTree = "<group>"; };
		C0F71E5528EEB33D0099B928 /* ListeClassController.swift */ = {isa = PBXFileReference; lastKnownFileType = sourcecode.swift; path = ListeClassController.swift; sourceTree = "<group>"; };
		C0F71E5728EEB3B00099B928 /* CarteDesciptionClassController.swift */ = {isa = PBXFileReference; lastKnownFileType = sourcecode.swift; path = CarteDesciptionClassController.swift; sourceTree = "<group>"; };
		C0F71E5928EEC2B40099B928 /* ClassController.swift */ = {isa = PBXFileReference; lastKnownFileType = sourcecode.swift; path = ClassController.swift; sourceTree = "<group>"; };
		C7964F8681ABFFC6331E939E /* Pods_DuoCarte_DuoCarteUITests.framework */ = {isa = PBXFileReference; explicitFileType = wrapper.framework; includeInIndex = 0; path = Pods_DuoCarte_DuoCarteUITests.framework; sourceTree = BUILT_PRODUCTS_DIR; };
/* End PBXFileReference section */

/* Begin PBXFrameworksBuildPhase section */
		C07DCB7228E6CB74002190F5 /* Frameworks */ = {
			isa = PBXFrameworksBuildPhase;
			buildActionMask = 2147483647;
			files = (
				F6054CD16DD5B138837C75E8 /* Pods_DuoCarte.framework in Frameworks */,
			);
			runOnlyForDeploymentPostprocessing = 0;
		};
		C07DCB8828E6CB75002190F5 /* Frameworks */ = {
			isa = PBXFrameworksBuildPhase;
			buildActionMask = 2147483647;
			files = (
				DF01A7326898EDB628243B92 /* Pods_DuoCarteTests.framework in Frameworks */,
			);
			runOnlyForDeploymentPostprocessing = 0;
		};
		C07DCB9228E6CB75002190F5 /* Frameworks */ = {
			isa = PBXFrameworksBuildPhase;
			buildActionMask = 2147483647;
			files = (
				92D2764ADDA25013629FD27E /* Pods_DuoCarte_DuoCarteUITests.framework in Frameworks */,
			);
			runOnlyForDeploymentPostprocessing = 0;
		};
/* End PBXFrameworksBuildPhase section */

/* Begin PBXGroup section */
		92DC548FB5A1AA1DBF0AB559 /* Frameworks */ = {
			isa = PBXGroup;
			children = (
				73B30C3509C9D485218F2C71 /* Pods_DuoCarte.framework */,
				C7964F8681ABFFC6331E939E /* Pods_DuoCarte_DuoCarteUITests.framework */,
				3D207C9537BBB427040A2252 /* Pods_DuoCarteTests.framework */,
			);
			name = Frameworks;
			sourceTree = "<group>";
		};
		C07DCB6C28E6CB74002190F5 = {
			isa = PBXGroup;
			children = (
				C07DCB7728E6CB74002190F5 /* DuoCarte */,
				C07DCB8E28E6CB75002190F5 /* DuoCarteTests */,
				C07DCB9828E6CB75002190F5 /* DuoCarteUITests */,
				C07DCB7628E6CB74002190F5 /* Products */,
				C54C5E053B7CA09260A3A6DD /* Pods */,
				92DC548FB5A1AA1DBF0AB559 /* Frameworks */,
			);
			sourceTree = "<group>";
		};
		C07DCB7628E6CB74002190F5 /* Products */ = {
			isa = PBXGroup;
			children = (
				C07DCB7528E6CB74002190F5 /* DuoCarte.app */,
				C07DCB8B28E6CB75002190F5 /* DuoCarteTests.xctest */,
				C07DCB9528E6CB75002190F5 /* DuoCarteUITests.xctest */,
			);
			name = Products;
			sourceTree = "<group>";
		};
		C07DCB7728E6CB74002190F5 /* DuoCarte */ = {
			isa = PBXGroup;
			children = (
				C07DCBAD28E7248A002190F5 /* Controller */,
				C07DCBA828E6E459002190F5 /* Api */,
				C07DCB7828E6CB74002190F5 /* AppDelegate.swift */,
				C07DCB7C28E6CB74002190F5 /* ViewController.swift */,
				C07DCB7A28E6CB74002190F5 /* SceneDelegate.swift */,
				C07DCB7E28E6CB74002190F5 /* Main.storyboard */,
				C07DCB8128E6CB75002190F5 /* Assets.xcassets */,
				C07DCB8328E6CB75002190F5 /* LaunchScreen.storyboard */,
				C07DCB8628E6CB75002190F5 /* Info.plist */,
				C07DCBAB28E720CF002190F5 /* Carte.swift */,
			);
			path = DuoCarte;
			sourceTree = "<group>";
		};
		C07DCB8E28E6CB75002190F5 /* DuoCarteTests */ = {
			isa = PBXGroup;
			children = (
				C07DCB8F28E6CB75002190F5 /* DuoCarteTests.swift */,
			);
			path = DuoCarteTests;
			sourceTree = "<group>";
		};
		C07DCB9828E6CB75002190F5 /* DuoCarteUITests */ = {
			isa = PBXGroup;
			children = (
				C07DCB9928E6CB75002190F5 /* DuoCarteUITests.swift */,
				C07DCB9B28E6CB75002190F5 /* DuoCarteUITestsLaunchTests.swift */,
			);
			path = DuoCarteUITests;
			sourceTree = "<group>";
		};
		C07DCBA828E6E459002190F5 /* Api */ = {
			isa = PBXGroup;
			children = (
				C07DCBA928E6E472002190F5 /* HearthstoneApi.swift */,
				C004FD5828F079C600B43A51 /* LaunchScreen.storyboard */,
			);
			path = Api;
			sourceTree = "<group>";
		};
		C07DCBAD28E7248A002190F5 /* Controller */ = {
			isa = PBXGroup;
			children = (
				C07DCBAE28E7249D002190F5 /* RNGController.swift */,
				C093FB5B28E8147700BEDE20 /* ListeController.swift */,
				C0F71E5728EEB3B00099B928 /* CarteDesciptionClassController.swift */,
				C093FB5D28E81B8800BEDE20 /* CarteDesciptionController.swift */,
				C0F71E5528EEB33D0099B928 /* ListeClassController.swift */,
				C0F71E5928EEC2B40099B928 /* ClassController.swift */,
				C004FD5228F01DF900B43A51 /* TypeController.swift */,
				C004FD5428F01E3600B43A51 /* ListeTypeController.swift */,
				C004FD5628F01E7100B43A51 /* CarteDesciptionTypeController.swift */,
			);
			path = Controller;
			sourceTree = "<group>";
		};
		C54C5E053B7CA09260A3A6DD /* Pods */ = {
			isa = PBXGroup;
			children = (
				225C424E6EC4626CC6ADCF57 /* Pods-DuoCarte.debug.xcconfig */,
				1140D467D1618BC8E566F011 /* Pods-DuoCarte.release.xcconfig */,
				7B6308637BEAE48CA77CC8B4 /* Pods-DuoCarte-DuoCarteUITests.debug.xcconfig */,
				B1970B995A65D2F8216AC9A1 /* Pods-DuoCarte-DuoCarteUITests.release.xcconfig */,
				6DA4ABB9AF0D4B0B455B2388 /* Pods-DuoCarteTests.debug.xcconfig */,
				06B78543154E697F8EB8989A /* Pods-DuoCarteTests.release.xcconfig */,
			);
			path = Pods;
			sourceTree = "<group>";
		};
/* End PBXGroup section */

/* Begin PBXNativeTarget section */
		C07DCB7428E6CB74002190F5 /* DuoCarte */ = {
			isa = PBXNativeTarget;
			buildConfigurationList = C07DCB9F28E6CB75002190F5 /* Build configuration list for PBXNativeTarget "DuoCarte" */;
			buildPhases = (
				600C4351782914123B743933 /* [CP] Check Pods Manifest.lock */,
				C07DCB7128E6CB74002190F5 /* Sources */,
				C07DCB7228E6CB74002190F5 /* Frameworks */,
				C07DCB7328E6CB74002190F5 /* Resources */,
				EA318AA69C823F2BE724EE73 /* [CP] Embed Pods Frameworks */,
			);
			buildRules = (
			);
			dependencies = (
			);
			name = DuoCarte;
			productName = DuoCarte;
			productReference = C07DCB7528E6CB74002190F5 /* DuoCarte.app */;
			productType = "com.apple.product-type.application";
		};
		C07DCB8A28E6CB75002190F5 /* DuoCarteTests */ = {
			isa = PBXNativeTarget;
			buildConfigurationList = C07DCBA228E6CB75002190F5 /* Build configuration list for PBXNativeTarget "DuoCarteTests" */;
			buildPhases = (
				3B96F2CB9F966A9BA26978F7 /* [CP] Check Pods Manifest.lock */,
				C07DCB8728E6CB75002190F5 /* Sources */,
				C07DCB8828E6CB75002190F5 /* Frameworks */,
				C07DCB8928E6CB75002190F5 /* Resources */,
			);
			buildRules = (
			);
			dependencies = (
				C07DCB8D28E6CB75002190F5 /* PBXTargetDependency */,
			);
			name = DuoCarteTests;
			productName = DuoCarteTests;
			productReference = C07DCB8B28E6CB75002190F5 /* DuoCarteTests.xctest */;
			productType = "com.apple.product-type.bundle.unit-test";
		};
		C07DCB9428E6CB75002190F5 /* DuoCarteUITests */ = {
			isa = PBXNativeTarget;
			buildConfigurationList = C07DCBA528E6CB75002190F5 /* Build configuration list for PBXNativeTarget "DuoCarteUITests" */;
			buildPhases = (
				B3CFFE1623B2237EDD66ECBF /* [CP] Check Pods Manifest.lock */,
				C07DCB9128E6CB75002190F5 /* Sources */,
				C07DCB9228E6CB75002190F5 /* Frameworks */,
				C07DCB9328E6CB75002190F5 /* Resources */,
				44303B22F6DA7F407F651E70 /* [CP] Embed Pods Frameworks */,
			);
			buildRules = (
			);
			dependencies = (
				C07DCB9728E6CB75002190F5 /* PBXTargetDependency */,
			);
			name = DuoCarteUITests;
			productName = DuoCarteUITests;
			productReference = C07DCB9528E6CB75002190F5 /* DuoCarteUITests.xctest */;
			productType = "com.apple.product-type.bundle.ui-testing";
		};
/* End PBXNativeTarget section */

/* Begin PBXProject section */
		C07DCB6D28E6CB74002190F5 /* Project object */ = {
			isa = PBXProject;
			attributes = {
				BuildIndependentTargetsInParallel = 1;
				LastSwiftUpdateCheck = 1310;
				LastUpgradeCheck = 1310;
				TargetAttributes = {
					C07DCB7428E6CB74002190F5 = {
						CreatedOnToolsVersion = 13.1;
					};
					C07DCB8A28E6CB75002190F5 = {
						CreatedOnToolsVersion = 13.1;
						TestTargetID = C07DCB7428E6CB74002190F5;
					};
					C07DCB9428E6CB75002190F5 = {
						CreatedOnToolsVersion = 13.1;
						TestTargetID = C07DCB7428E6CB74002190F5;
					};
				};
			};
			buildConfigurationList = C07DCB7028E6CB74002190F5 /* Build configuration list for PBXProject "DuoCarte" */;
			compatibilityVersion = "Xcode 13.0";
			developmentRegion = en;
			hasScannedForEncodings = 0;
			knownRegions = (
				en,
				Base,
			);
			mainGroup = C07DCB6C28E6CB74002190F5;
			productRefGroup = C07DCB7628E6CB74002190F5 /* Products */;
			projectDirPath = "";
			projectRoot = "";
			targets = (
				C07DCB7428E6CB74002190F5 /* DuoCarte */,
				C07DCB8A28E6CB75002190F5 /* DuoCarteTests */,
				C07DCB9428E6CB75002190F5 /* DuoCarteUITests */,
			);
		};
/* End PBXProject section */

/* Begin PBXResourcesBuildPhase section */
		C07DCB7328E6CB74002190F5 /* Resources */ = {
			isa = PBXResourcesBuildPhase;
			buildActionMask = 2147483647;
			files = (
				C07DCB8528E6CB75002190F5 /* LaunchScreen.storyboard in Resources */,
				C07DCB8228E6CB75002190F5 /* Assets.xcassets in Resources */,
				C004FD5928F079C600B43A51 /* LaunchScreen.storyboard in Resources */,
				C07DCB8028E6CB74002190F5 /* Main.storyboard in Resources */,
			);
			runOnlyForDeploymentPostprocessing = 0;
		};
		C07DCB8928E6CB75002190F5 /* Resources */ = {
			isa = PBXResourcesBuildPhase;
			buildActionMask = 2147483647;
			files = (
			);
			runOnlyForDeploymentPostprocessing = 0;
		};
		C07DCB9328E6CB75002190F5 /* Resources */ = {
			isa = PBXResourcesBuildPhase;
			buildActionMask = 2147483647;
			files = (
			);
			runOnlyForDeploymentPostprocessing = 0;
		};
/* End PBXResourcesBuildPhase section */

/* Begin PBXShellScriptBuildPhase section */
		3B96F2CB9F966A9BA26978F7 /* [CP] Check Pods Manifest.lock */ = {
			isa = PBXShellScriptBuildPhase;
			buildActionMask = 2147483647;
			files = (
			);
			inputFileListPaths = (
			);
			inputPaths = (
				"${PODS_PODFILE_DIR_PATH}/Podfile.lock",
				"${PODS_ROOT}/Manifest.lock",
			);
			name = "[CP] Check Pods Manifest.lock";
			outputFileListPaths = (
			);
			outputPaths = (
				"$(DERIVED_FILE_DIR)/Pods-DuoCarteTests-checkManifestLockResult.txt",
			);
			runOnlyForDeploymentPostprocessing = 0;
			shellPath = /bin/sh;
			shellScript = "diff \"${PODS_PODFILE_DIR_PATH}/Podfile.lock\" \"${PODS_ROOT}/Manifest.lock\" > /dev/null\nif [ $? != 0 ] ; then\n    # print error to STDERR\n    echo \"error: The sandbox is not in sync with the Podfile.lock. Run 'pod install' or update your CocoaPods installation.\" >&2\n    exit 1\nfi\n# This output is used by Xcode 'outputs' to avoid re-running this script phase.\necho \"SUCCESS\" > \"${SCRIPT_OUTPUT_FILE_0}\"\n";
			showEnvVarsInLog = 0;
		};
		44303B22F6DA7F407F651E70 /* [CP] Embed Pods Frameworks */ = {
			isa = PBXShellScriptBuildPhase;
			buildActionMask = 2147483647;
			files = (
			);
			inputFileListPaths = (
				"${PODS_ROOT}/Target Support Files/Pods-DuoCarte-DuoCarteUITests/Pods-DuoCarte-DuoCarteUITests-frameworks-${CONFIGURATION}-input-files.xcfilelist",
			);
			name = "[CP] Embed Pods Frameworks";
			outputFileListPaths = (
				"${PODS_ROOT}/Target Support Files/Pods-DuoCarte-DuoCarteUITests/Pods-DuoCarte-DuoCarteUITests-frameworks-${CONFIGURATION}-output-files.xcfilelist",
			);
			runOnlyForDeploymentPostprocessing = 0;
			shellPath = /bin/sh;
			shellScript = "\"${PODS_ROOT}/Target Support Files/Pods-DuoCarte-DuoCarteUITests/Pods-DuoCarte-DuoCarteUITests-frameworks.sh\"\n";
			showEnvVarsInLog = 0;
		};
		600C4351782914123B743933 /* [CP] Check Pods Manifest.lock */ = {
			isa = PBXShellScriptBuildPhase;
			buildActionMask = 2147483647;
			files = (
			);
			inputFileListPaths = (
			);
			inputPaths = (
				"${PODS_PODFILE_DIR_PATH}/Podfile.lock",
				"${PODS_ROOT}/Manifest.lock",
			);
			name = "[CP] Check Pods Manifest.lock";
			outputFileListPaths = (
			);
			outputPaths = (
				"$(DERIVED_FILE_DIR)/Pods-DuoCarte-checkManifestLockResult.txt",
			);
			runOnlyForDeploymentPostprocessing = 0;
			shellPath = /bin/sh;
			shellScript = "diff \"${PODS_PODFILE_DIR_PATH}/Podfile.lock\" \"${PODS_ROOT}/Manifest.lock\" > /dev/null\nif [ $? != 0 ] ; then\n    # print error to STDERR\n    echo \"error: The sandbox is not in sync with the Podfile.lock. Run 'pod install' or update your CocoaPods installation.\" >&2\n    exit 1\nfi\n# This output is used by Xcode 'outputs' to avoid re-running this script phase.\necho \"SUCCESS\" > \"${SCRIPT_OUTPUT_FILE_0}\"\n";
			showEnvVarsInLog = 0;
		};
		B3CFFE1623B2237EDD66ECBF /* [CP] Check Pods Manifest.lock */ = {
			isa = PBXShellScriptBuildPhase;
			buildActionMask = 2147483647;
			files = (
			);
			inputFileListPaths = (
			);
			inputPaths = (
				"${PODS_PODFILE_DIR_PATH}/Podfile.lock",
				"${PODS_ROOT}/Manifest.lock",
			);
			name = "[CP] Check Pods Manifest.lock";
			outputFileListPaths = (
			);
			outputPaths = (
				"$(DERIVED_FILE_DIR)/Pods-DuoCarte-DuoCarteUITests-checkManifestLockResult.txt",
			);
			runOnlyForDeploymentPostprocessing = 0;
			shellPath = /bin/sh;
			shellScript = "diff \"${PODS_PODFILE_DIR_PATH}/Podfile.lock\" \"${PODS_ROOT}/Manifest.lock\" > /dev/null\nif [ $? != 0 ] ; then\n    # print error to STDERR\n    echo \"error: The sandbox is not in sync with the Podfile.lock. Run 'pod install' or update your CocoaPods installation.\" >&2\n    exit 1\nfi\n# This output is used by Xcode 'outputs' to avoid re-running this script phase.\necho \"SUCCESS\" > \"${SCRIPT_OUTPUT_FILE_0}\"\n";
			showEnvVarsInLog = 0;
		};
		EA318AA69C823F2BE724EE73 /* [CP] Embed Pods Frameworks */ = {
			isa = PBXShellScriptBuildPhase;
			buildActionMask = 2147483647;
			files = (
			);
			inputFileListPaths = (
				"${PODS_ROOT}/Target Support Files/Pods-DuoCarte/Pods-DuoCarte-frameworks-${CONFIGURATION}-input-files.xcfilelist",
			);
			name = "[CP] Embed Pods Frameworks";
			outputFileListPaths = (
				"${PODS_ROOT}/Target Support Files/Pods-DuoCarte/Pods-DuoCarte-frameworks-${CONFIGURATION}-output-files.xcfilelist",
			);
			runOnlyForDeploymentPostprocessing = 0;
			shellPath = /bin/sh;
			shellScript = "\"${PODS_ROOT}/Target Support Files/Pods-DuoCarte/Pods-DuoCarte-frameworks.sh\"\n";
			showEnvVarsInLog = 0;
		};
/* End PBXShellScriptBuildPhase section */

/* Begin PBXSourcesBuildPhase section */
		C07DCB7128E6CB74002190F5 /* Sources */ = {
			isa = PBXSourcesBuildPhase;
			buildActionMask = 2147483647;
			files = (
				C093FB5C28E8147700BEDE20 /* ListeController.swift in Sources */,
				C004FD5328F01DF900B43A51 /* TypeController.swift in Sources */,
				C07DCB7D28E6CB74002190F5 /* ViewController.swift in Sources */,
				C07DCB7928E6CB74002190F5 /* AppDelegate.swift in Sources */,
				C0F71E5A28EEC2B40099B928 /* ClassController.swift in Sources */,
				C07DCBAA28E6E472002190F5 /* HearthstoneApi.swift in Sources */,
				C07DCBAF28E7249D002190F5 /* RNGController.swift in Sources */,
				C07DCB7B28E6CB74002190F5 /* SceneDelegate.swift in Sources */,
				C0F71E5828EEB3B00099B928 /* CarteDesciptionClassController.swift in Sources */,
				C004FD5728F01E7100B43A51 /* CarteDesciptionTypeController.swift in Sources */,
				C0F71E5628EEB33D0099B928 /* ListeClassController.swift in Sources */,
				C07DCBAC28E720CF002190F5 /* Carte.swift in Sources */,
				C004FD5528F01E3600B43A51 /* ListeTypeController.swift in Sources */,
				C093FB5E28E81B8800BEDE20 /* CarteDesciptionController.swift in Sources */,
			);
			runOnlyForDeploymentPostprocessing = 0;
		};
		C07DCB8728E6CB75002190F5 /* Sources */ = {
			isa = PBXSourcesBuildPhase;
			buildActionMask = 2147483647;
			files = (
				C07DCB9028E6CB75002190F5 /* DuoCarteTests.swift in Sources */,
			);
			runOnlyForDeploymentPostprocessing = 0;
		};
		C07DCB9128E6CB75002190F5 /* Sources */ = {
			isa = PBXSourcesBuildPhase;
			buildActionMask = 2147483647;
			files = (
				C07DCB9C28E6CB75002190F5 /* DuoCarteUITestsLaunchTests.swift in Sources */,
				C07DCB9A28E6CB75002190F5 /* DuoCarteUITests.swift in Sources */,
			);
			runOnlyForDeploymentPostprocessing = 0;
		};
/* End PBXSourcesBuildPhase section */

/* Begin PBXTargetDependency section */
		C07DCB8D28E6CB75002190F5 /* PBXTargetDependency */ = {
			isa = PBXTargetDependency;
			target = C07DCB7428E6CB74002190F5 /* DuoCarte */;
			targetProxy = C07DCB8C28E6CB75002190F5 /* PBXContainerItemProxy */;
		};
		C07DCB9728E6CB75002190F5 /* PBXTargetDependency */ = {
			isa = PBXTargetDependency;
			target = C07DCB7428E6CB74002190F5 /* DuoCarte */;
			targetProxy = C07DCB9628E6CB75002190F5 /* PBXContainerItemProxy */;
		};
/* End PBXTargetDependency section */

/* Begin PBXVariantGroup section */
		C07DCB7E28E6CB74002190F5 /* Main.storyboard */ = {
			isa = PBXVariantGroup;
			children = (
				C07DCB7F28E6CB74002190F5 /* Base */,
			);
			name = Main.storyboard;
			sourceTree = "<group>";
		};
		C07DCB8328E6CB75002190F5 /* LaunchScreen.storyboard */ = {
			isa = PBXVariantGroup;
			children = (
				C07DCB8428E6CB75002190F5 /* Base */,
			);
			name = LaunchScreen.storyboard;
			sourceTree = "<group>";
		};
/* End PBXVariantGroup section */

/* Begin XCBuildConfiguration section */
		C07DCB9D28E6CB75002190F5 /* Debug */ = {
			isa = XCBuildConfiguration;
			buildSettings = {
				ALWAYS_SEARCH_USER_PATHS = NO;
				CLANG_ANALYZER_NONNULL = YES;
				CLANG_ANALYZER_NUMBER_OBJECT_CONVERSION = YES_AGGRESSIVE;
				CLANG_CXX_LANGUAGE_STANDARD = "gnu++17";
				CLANG_CXX_LIBRARY = "libc++";
				CLANG_ENABLE_MODULES = YES;
				CLANG_ENABLE_OBJC_ARC = YES;
				CLANG_ENABLE_OBJC_WEAK = YES;
				CLANG_WARN_BLOCK_CAPTURE_AUTORELEASING = YES;
				CLANG_WARN_BOOL_CONVERSION = YES;
				CLANG_WARN_COMMA = YES;
				CLANG_WARN_CONSTANT_CONVERSION = YES;
				CLANG_WARN_DEPRECATED_OBJC_IMPLEMENTATIONS = YES;
				CLANG_WARN_DIRECT_OBJC_ISA_USAGE = YES_ERROR;
				CLANG_WARN_DOCUMENTATION_COMMENTS = YES;
				CLANG_WARN_EMPTY_BODY = YES;
				CLANG_WARN_ENUM_CONVERSION = YES;
				CLANG_WARN_INFINITE_RECURSION = YES;
				CLANG_WARN_INT_CONVERSION = YES;
				CLANG_WARN_NON_LITERAL_NULL_CONVERSION = YES;
				CLANG_WARN_OBJC_IMPLICIT_RETAIN_SELF = YES;
				CLANG_WARN_OBJC_LITERAL_CONVERSION = YES;
				CLANG_WARN_OBJC_ROOT_CLASS = YES_ERROR;
				CLANG_WARN_QUOTED_INCLUDE_IN_FRAMEWORK_HEADER = YES;
				CLANG_WARN_RANGE_LOOP_ANALYSIS = YES;
				CLANG_WARN_STRICT_PROTOTYPES = YES;
				CLANG_WARN_SUSPICIOUS_MOVE = YES;
				CLANG_WARN_UNGUARDED_AVAILABILITY = YES_AGGRESSIVE;
				CLANG_WARN_UNREACHABLE_CODE = YES;
				CLANG_WARN__DUPLICATE_METHOD_MATCH = YES;
				COPY_PHASE_STRIP = NO;
				DEBUG_INFORMATION_FORMAT = dwarf;
				ENABLE_STRICT_OBJC_MSGSEND = YES;
				ENABLE_TESTABILITY = YES;
				GCC_C_LANGUAGE_STANDARD = gnu11;
				GCC_DYNAMIC_NO_PIC = NO;
				GCC_NO_COMMON_BLOCKS = YES;
				GCC_OPTIMIZATION_LEVEL = 0;
				GCC_PREPROCESSOR_DEFINITIONS = (
					"DEBUG=1",
					"$(inherited)",
				);
				GCC_WARN_64_TO_32_BIT_CONVERSION = YES;
				GCC_WARN_ABOUT_RETURN_TYPE = YES_ERROR;
				GCC_WARN_UNDECLARED_SELECTOR = YES;
				GCC_WARN_UNINITIALIZED_AUTOS = YES_AGGRESSIVE;
				GCC_WARN_UNUSED_FUNCTION = YES;
				GCC_WARN_UNUSED_VARIABLE = YES;
				IPHONEOS_DEPLOYMENT_TARGET = 15.0;
				MTL_ENABLE_DEBUG_INFO = INCLUDE_SOURCE;
				MTL_FAST_MATH = YES;
				ONLY_ACTIVE_ARCH = YES;
				SDKROOT = iphoneos;
				SWIFT_ACTIVE_COMPILATION_CONDITIONS = DEBUG;
				SWIFT_OPTIMIZATION_LEVEL = "-Onone";
			};
			name = Debug;
		};
		C07DCB9E28E6CB75002190F5 /* Release */ = {
			isa = XCBuildConfiguration;
			buildSettings = {
				ALWAYS_SEARCH_USER_PATHS = NO;
				CLANG_ANALYZER_NONNULL = YES;
				CLANG_ANALYZER_NUMBER_OBJECT_CONVERSION = YES_AGGRESSIVE;
				CLANG_CXX_LANGUAGE_STANDARD = "gnu++17";
				CLANG_CXX_LIBRARY = "libc++";
				CLANG_ENABLE_MODULES = YES;
				CLANG_ENABLE_OBJC_ARC = YES;
				CLANG_ENABLE_OBJC_WEAK = YES;
				CLANG_WARN_BLOCK_CAPTURE_AUTORELEASING = YES;
				CLANG_WARN_BOOL_CONVERSION = YES;
				CLANG_WARN_COMMA = YES;
				CLANG_WARN_CONSTANT_CONVERSION = YES;
				CLANG_WARN_DEPRECATED_OBJC_IMPLEMENTATIONS = YES;
				CLANG_WARN_DIRECT_OBJC_ISA_USAGE = YES_ERROR;
				CLANG_WARN_DOCUMENTATION_COMMENTS = YES;
				CLANG_WARN_EMPTY_BODY = YES;
				CLANG_WARN_ENUM_CONVERSION = YES;
				CLANG_WARN_INFINITE_RECURSION = YES;
				CLANG_WARN_INT_CONVERSION = YES;
				CLANG_WARN_NON_LITERAL_NULL_CONVERSION = YES;
				CLANG_WARN_OBJC_IMPLICIT_RETAIN_SELF = YES;
				CLANG_WARN_OBJC_LITERAL_CONVERSION = YES;
				CLANG_WARN_OBJC_ROOT_CLASS = YES_ERROR;
				CLANG_WARN_QUOTED_INCLUDE_IN_FRAMEWORK_HEADER = YES;
				CLANG_WARN_RANGE_LOOP_ANALYSIS = YES;
				CLANG_WARN_STRICT_PROTOTYPES = YES;
				CLANG_WARN_SUSPICIOUS_MOVE = YES;
				CLANG_WARN_UNGUARDED_AVAILABILITY = YES_AGGRESSIVE;
				CLANG_WARN_UNREACHABLE_CODE = YES;
				CLANG_WARN__DUPLICATE_METHOD_MATCH = YES;
				COPY_PHASE_STRIP = NO;
				DEBUG_INFORMATION_FORMAT = "dwarf-with-dsym";
				ENABLE_NS_ASSERTIONS = NO;
				ENABLE_STRICT_OBJC_MSGSEND = YES;
				GCC_C_LANGUAGE_STANDARD = gnu11;
				GCC_NO_COMMON_BLOCKS = YES;
				GCC_WARN_64_TO_32_BIT_CONVERSION = YES;
				GCC_WARN_ABOUT_RETURN_TYPE = YES_ERROR;
				GCC_WARN_UNDECLARED_SELECTOR = YES;
				GCC_WARN_UNINITIALIZED_AUTOS = YES_AGGRESSIVE;
				GCC_WARN_UNUSED_FUNCTION = YES;
				GCC_WARN_UNUSED_VARIABLE = YES;
				IPHONEOS_DEPLOYMENT_TARGET = 15.0;
				MTL_ENABLE_DEBUG_INFO = NO;
				MTL_FAST_MATH = YES;
				SDKROOT = iphoneos;
				SWIFT_COMPILATION_MODE = wholemodule;
				SWIFT_OPTIMIZATION_LEVEL = "-O";
				VALIDATE_PRODUCT = YES;
			};
			name = Release;
		};
		C07DCBA028E6CB75002190F5 /* Debug */ = {
			isa = XCBuildConfiguration;
			baseConfigurationReference = 225C424E6EC4626CC6ADCF57 /* Pods-DuoCarte.debug.xcconfig */;
			buildSettings = {
				ASSETCATALOG_COMPILER_APPICON_NAME = AppIcon;
				ASSETCATALOG_COMPILER_GLOBAL_ACCENT_COLOR_NAME = AccentColor;
				CODE_SIGN_STYLE = Automatic;
				CURRENT_PROJECT_VERSION = 1;
				GENERATE_INFOPLIST_FILE = YES;
				INFOPLIST_FILE = DuoCarte/Info.plist;
				INFOPLIST_KEY_UIApplicationSupportsIndirectInputEvents = YES;
				INFOPLIST_KEY_UILaunchStoryboardName = LaunchScreen;
				INFOPLIST_KEY_UIMainStoryboardFile = Main;
				INFOPLIST_KEY_UISupportedInterfaceOrientations_iPad = "UIInterfaceOrientationPortrait UIInterfaceOrientationPortraitUpsideDown UIInterfaceOrientationLandscapeLeft UIInterfaceOrientationLandscapeRight";
				INFOPLIST_KEY_UISupportedInterfaceOrientations_iPhone = "UIInterfaceOrientationPortrait UIInterfaceOrientationLandscapeLeft UIInterfaceOrientationLandscapeRight";
				LD_RUNPATH_SEARCH_PATHS = (
					"$(inherited)",
					"@executable_path/Frameworks",
				);
				MARKETING_VERSION = 1.0;
				PRODUCT_BUNDLE_IDENTIFIER = com.iutsd.DuoCarte;
				PRODUCT_NAME = "$(TARGET_NAME)";
				SWIFT_EMIT_LOC_STRINGS = YES;
				SWIFT_VERSION = 5.0;
				TARGETED_DEVICE_FAMILY = "1,2";
			};
			name = Debug;
		};
		C07DCBA128E6CB75002190F5 /* Release */ = {
			isa = XCBuildConfiguration;
			baseConfigurationReference = 1140D467D1618BC8E566F011 /* Pods-DuoCarte.release.xcconfig */;
			buildSettings = {
				ASSETCATALOG_COMPILER_APPICON_NAME = AppIcon;
				ASSETCATALOG_COMPILER_GLOBAL_ACCENT_COLOR_NAME = AccentColor;
				CODE_SIGN_STYLE = Automatic;
				CURRENT_PROJECT_VERSION = 1;
				GENERATE_INFOPLIST_FILE = YES;
				INFOPLIST_FILE = DuoCarte/Info.plist;
				INFOPLIST_KEY_UIApplicationSupportsIndirectInputEvents = YES;
				INFOPLIST_KEY_UILaunchStoryboardName = LaunchScreen;
				INFOPLIST_KEY_UIMainStoryboardFile = Main;
				INFOPLIST_KEY_UISupportedInterfaceOrientations_iPad = "UIInterfaceOrientationPortrait UIInterfaceOrientationPortraitUpsideDown UIInterfaceOrientationLandscapeLeft UIInterfaceOrientationLandscapeRight";
				INFOPLIST_KEY_UISupportedInterfaceOrientations_iPhone = "UIInterfaceOrientationPortrait UIInterfaceOrientationLandscapeLeft UIInterfaceOrientationLandscapeRight";
				LD_RUNPATH_SEARCH_PATHS = (
					"$(inherited)",
					"@executable_path/Frameworks",
				);
				MARKETING_VERSION = 1.0;
				PRODUCT_BUNDLE_IDENTIFIER = com.iutsd.DuoCarte;
				PRODUCT_NAME = "$(TARGET_NAME)";
				SWIFT_EMIT_LOC_STRINGS = YES;
				SWIFT_VERSION = 5.0;
				TARGETED_DEVICE_FAMILY = "1,2";
			};
			name = Release;
		};
		C07DCBA328E6CB75002190F5 /* Debug */ = {
			isa = XCBuildConfiguration;
			baseConfigurationReference = 6DA4ABB9AF0D4B0B455B2388 /* Pods-DuoCarteTests.debug.xcconfig */;
			buildSettings = {
				ALWAYS_EMBED_SWIFT_STANDARD_LIBRARIES = YES;
				BUNDLE_LOADER = "$(TEST_HOST)";
				CODE_SIGN_STYLE = Automatic;
				CURRENT_PROJECT_VERSION = 1;
				GENERATE_INFOPLIST_FILE = YES;
				IPHONEOS_DEPLOYMENT_TARGET = 15.0;
				LD_RUNPATH_SEARCH_PATHS = (
					"$(inherited)",
					"@executable_path/Frameworks",
					"@loader_path/Frameworks",
				);
				MARKETING_VERSION = 1.0;
				PRODUCT_BUNDLE_IDENTIFIER = com.iutsd.DuoCarteTests;
				PRODUCT_NAME = "$(TARGET_NAME)";
				SWIFT_EMIT_LOC_STRINGS = NO;
				SWIFT_VERSION = 5.0;
				TARGETED_DEVICE_FAMILY = "1,2";
				TEST_HOST = "$(BUILT_PRODUCTS_DIR)/DuoCarte.app/DuoCarte";
			};
			name = Debug;
		};
		C07DCBA428E6CB75002190F5 /* Release */ = {
			isa = XCBuildConfiguration;
			baseConfigurationReference = 06B78543154E697F8EB8989A /* Pods-DuoCarteTests.release.xcconfig */;
			buildSettings = {
				ALWAYS_EMBED_SWIFT_STANDARD_LIBRARIES = YES;
				BUNDLE_LOADER = "$(TEST_HOST)";
				CODE_SIGN_STYLE = Automatic;
				CURRENT_PROJECT_VERSION = 1;
				GENERATE_INFOPLIST_FILE = YES;
				IPHONEOS_DEPLOYMENT_TARGET = 15.0;
				LD_RUNPATH_SEARCH_PATHS = (
					"$(inherited)",
					"@executable_path/Frameworks",
					"@loader_path/Frameworks",
				);
				MARKETING_VERSION = 1.0;
				PRODUCT_BUNDLE_IDENTIFIER = com.iutsd.DuoCarteTests;
				PRODUCT_NAME = "$(TARGET_NAME)";
				SWIFT_EMIT_LOC_STRINGS = NO;
				SWIFT_VERSION = 5.0;
				TARGETED_DEVICE_FAMILY = "1,2";
				TEST_HOST = "$(BUILT_PRODUCTS_DIR)/DuoCarte.app/DuoCarte";
			};
			name = Release;
		};
		C07DCBA628E6CB75002190F5 /* Debug */ = {
			isa = XCBuildConfiguration;
			baseConfigurationReference = 7B6308637BEAE48CA77CC8B4 /* Pods-DuoCarte-DuoCarteUITests.debug.xcconfig */;
			buildSettings = {
				ALWAYS_EMBED_SWIFT_STANDARD_LIBRARIES = YES;
				CODE_SIGN_STYLE = Automatic;
				CURRENT_PROJECT_VERSION = 1;
				GENERATE_INFOPLIST_FILE = YES;
				LD_RUNPATH_SEARCH_PATHS = (
					"$(inherited)",
					"@executable_path/Frameworks",
					"@loader_path/Frameworks",
				);
				MARKETING_VERSION = 1.0;
				PRODUCT_BUNDLE_IDENTIFIER = com.iutsd.DuoCarteUITests;
				PRODUCT_NAME = "$(TARGET_NAME)";
				SWIFT_EMIT_LOC_STRINGS = NO;
				SWIFT_VERSION = 5.0;
				TARGETED_DEVICE_FAMILY = "1,2";
				TEST_TARGET_NAME = DuoCarte;
			};
			name = Debug;
		};
		C07DCBA728E6CB75002190F5 /* Release */ = {
			isa = XCBuildConfiguration;
			baseConfigurationReference = B1970B995A65D2F8216AC9A1 /* Pods-DuoCarte-DuoCarteUITests.release.xcconfig */;
			buildSettings = {
				ALWAYS_EMBED_SWIFT_STANDARD_LIBRARIES = YES;
				CODE_SIGN_STYLE = Automatic;
				CURRENT_PROJECT_VERSION = 1;
				GENERATE_INFOPLIST_FILE = YES;
				LD_RUNPATH_SEARCH_PATHS = (
					"$(inherited)",
					"@executable_path/Frameworks",
					"@loader_path/Frameworks",
				);
				MARKETING_VERSION = 1.0;
				PRODUCT_BUNDLE_IDENTIFIER = com.iutsd.DuoCarteUITests;
				PRODUCT_NAME = "$(TARGET_NAME)";
				SWIFT_EMIT_LOC_STRINGS = NO;
				SWIFT_VERSION = 5.0;
				TARGETED_DEVICE_FAMILY = "1,2";
				TEST_TARGET_NAME = DuoCarte;
			};
			name = Release;
		};
/* End XCBuildConfiguration section */

/* Begin XCConfigurationList section */
		C07DCB7028E6CB74002190F5 /* Build configuration list for PBXProject "DuoCarte" */ = {
			isa = XCConfigurationList;
			buildConfigurations = (
				C07DCB9D28E6CB75002190F5 /* Debug */,
				C07DCB9E28E6CB75002190F5 /* Release */,
			);
			defaultConfigurationIsVisible = 0;
			defaultConfigurationName = Release;
		};
		C07DCB9F28E6CB75002190F5 /* Build configuration list for PBXNativeTarget "DuoCarte" */ = {
			isa = XCConfigurationList;
			buildConfigurations = (
				C07DCBA028E6CB75002190F5 /* Debug */,
				C07DCBA128E6CB75002190F5 /* Release */,
			);
			defaultConfigurationIsVisible = 0;
			defaultConfigurationName = Release;
		};
		C07DCBA228E6CB75002190F5 /* Build configuration list for PBXNativeTarget "DuoCarteTests" */ = {
			isa = XCConfigurationList;
			buildConfigurations = (
				C07DCBA328E6CB75002190F5 /* Debug */,
				C07DCBA428E6CB75002190F5 /* Release */,
			);
			defaultConfigurationIsVisible = 0;
			defaultConfigurationName = Release;
		};
		C07DCBA528E6CB75002190F5 /* Build configuration list for PBXNativeTarget "DuoCarteUITests" */ = {
			isa = XCConfigurationList;
			buildConfigurations = (
				C07DCBA628E6CB75002190F5 /* Debug */,
				C07DCBA728E6CB75002190F5 /* Release */,
			);
			defaultConfigurationIsVisible = 0;
			defaultConfigurationName = Release;
		};
/* End XCConfigurationList section */
	};
	rootObject = C07DCB6D28E6CB74002190F5 /* Project object */;
}
